
Microsoft Visual Studio Solution File, Format Version 12.00
# Visual Studio 15
VisualStudioVersion = 15.0.28307.1082
MinimumVisualStudioVersion = 10.0.40219.1
Project("{FAE04EC0-301F-11D3-BF4B-00C04F79EFBC}") = "SZOP_3_szamologep", "SZOP_3_szamologep\SZOP_3_szamologep.csproj", "{49F61137-C275-4540-B11F-8B40448577B1}"
EndProject
Project("{FAE04EC0-301F-11D3-BF4B-00C04F79EFBC}") = "Kliens", "Kliens\Kliens.csproj", "{57BE5D6A-9EAD-4F4C-B485-DC8F7B7D0009}"
EndProject
Global
	GlobalSection(SolutionConfigurationPlatforms) = preSolution
		Debug|Any CPU = Debug|Any CPU
		Release|Any CPU = Release|Any CPU
	EndGlobalSection
	GlobalSection(ProjectConfigurationPlatforms) = postSolution
		{49F61137-C275-4540-B11F-8B40448577B1}.Debug|Any CPU.ActiveCfg = Debug|Any CPU
		{49F61137-C275-4540-B11F-8B40448577B1}.Debug|Any CPU.Build.0 = Debug|Any CPU
		{49F61137-C275-4540-B11F-8B40448577B1}.Release|Any CPU.ActiveCfg = Release|Any CPU
		{49F61137-C275-4540-B11F-8B40448577B1}.Release|Any CPU.Build.0 = Release|Any CPU
		{57BE5D6A-9EAD-4F4C-B485-DC8F7B7D0009}.Debug|Any CPU.ActiveCfg = Debug|Any CPU
		{57BE5D6A-9EAD-4F4C-B485-DC8F7B7D0009}.Debug|Any CPU.Build.0 = Debug|Any CPU
		{57BE5D6A-9EAD-4F4C-B485-DC8F7B7D0009}.Release|Any CPU.ActiveCfg = Release|Any CPU
		{57BE5D6A-9EAD-4F4C-B485-DC8F7B7D0009}.Release|Any CPU.Build.0 = Release|Any CPU
	EndGlobalSection
	GlobalSection(SolutionProperties) = preSolution
		HideSolutionNode = FALSE
	EndGlobalSection
	GlobalSection(ExtensibilityGlobals) = postSolution
		SolutionGuid = {E415B3C0-46DB-4BB5-95AC-7E116384FD18}
	EndGlobalSection
EndGlobal
