
Microsoft Visual Studio Solution File, Format Version 12.00
# Visual Studio 15
VisualStudioVersion = 15.0.28307.902
MinimumVisualStudioVersion = 10.0.40219.1
Project("{9A19103F-16F7-4668-BE54-9A1E7A4F7556}") = "Szop_2", "Szop_2\Szop_2.csproj", "{F54FD6EB-B9BB-4A7E-A0E8-EBAB9124D17C}"
EndProject
Project("{9A19103F-16F7-4668-BE54-9A1E7A4F7556}") = "Szerver", "Szerver\Szerver.csproj", "{02C157AA-6A3B-4155-97C3-3FBD70FA975D}"
EndProject
Project("{FAE04EC0-301F-11D3-BF4B-00C04F79EFBC}") = "Kliens", "Kliens\Kliens.csproj", "{651868FA-D8D5-4395-88BC-85C18540B453}"
EndProject
Global
	GlobalSection(SolutionConfigurationPlatforms) = preSolution
		Debug|Any CPU = Debug|Any CPU
		Release|Any CPU = Release|Any CPU
	EndGlobalSection
	GlobalSection(ProjectConfigurationPlatforms) = postSolution
		{F54FD6EB-B9BB-4A7E-A0E8-EBAB9124D17C}.Debug|Any CPU.ActiveCfg = Debug|Any CPU
		{F54FD6EB-B9BB-4A7E-A0E8-EBAB9124D17C}.Debug|Any CPU.Build.0 = Debug|Any CPU
		{F54FD6EB-B9BB-4A7E-A0E8-EBAB9124D17C}.Release|Any CPU.ActiveCfg = Release|Any CPU
		{F54FD6EB-B9BB-4A7E-A0E8-EBAB9124D17C}.Release|Any CPU.Build.0 = Release|Any CPU
		{02C157AA-6A3B-4155-97C3-3FBD70FA975D}.Debug|Any CPU.ActiveCfg = Debug|Any CPU
		{02C157AA-6A3B-4155-97C3-3FBD70FA975D}.Debug|Any CPU.Build.0 = Debug|Any CPU
		{02C157AA-6A3B-4155-97C3-3FBD70FA975D}.Release|Any CPU.ActiveCfg = Release|Any CPU
		{02C157AA-6A3B-4155-97C3-3FBD70FA975D}.Release|Any CPU.Build.0 = Release|Any CPU
		{651868FA-D8D5-4395-88BC-85C18540B453}.Debug|Any CPU.ActiveCfg = Debug|Any CPU
		{651868FA-D8D5-4395-88BC-85C18540B453}.Debug|Any CPU.Build.0 = Debug|Any CPU
		{651868FA-D8D5-4395-88BC-85C18540B453}.Release|Any CPU.ActiveCfg = Release|Any CPU
		{651868FA-D8D5-4395-88BC-85C18540B453}.Release|Any CPU.Build.0 = Release|Any CPU
	EndGlobalSection
	GlobalSection(SolutionProperties) = preSolution
		HideSolutionNode = FALSE
	EndGlobalSection
	GlobalSection(ExtensibilityGlobals) = postSolution
		SolutionGuid = {D4919A0B-1500-4CCB-8043-178EA40083F7}
	EndGlobalSection
EndGlobal
