
Microsoft Visual Studio Solution File, Format Version 12.00
# Visual Studio 15
VisualStudioVersion = 15.0.28010.2046
MinimumVisualStudioVersion = 10.0.40219.1
Project("{FAE04EC0-301F-11D3-BF4B-00C04F79EFBC}") = "KarsaZoli1", "KarsaZoli1\KarsaZoli1.csproj", "{F7C888D0-F303-4FAC-9234-D9D1AFA9E295}"
EndProject
Global
	GlobalSection(SolutionConfigurationPlatforms) = preSolution
		Debug|Any CPU = Debug|Any CPU
		Release|Any CPU = Release|Any CPU
	EndGlobalSection
	GlobalSection(ProjectConfigurationPlatforms) = postSolution
		{F7C888D0-F303-4FAC-9234-D9D1AFA9E295}.Debug|Any CPU.ActiveCfg = Debug|Any CPU
		{F7C888D0-F303-4FAC-9234-D9D1AFA9E295}.Debug|Any CPU.Build.0 = Debug|Any CPU
		{F7C888D0-F303-4FAC-9234-D9D1AFA9E295}.Release|Any CPU.ActiveCfg = Release|Any CPU
		{F7C888D0-F303-4FAC-9234-D9D1AFA9E295}.Release|Any CPU.Build.0 = Release|Any CPU
	EndGlobalSection
	GlobalSection(SolutionProperties) = preSolution
		HideSolutionNode = FALSE
	EndGlobalSection
	GlobalSection(ExtensibilityGlobals) = postSolution
		SolutionGuid = {525C22CE-7D10-470B-904C-72A2DFA4FF3D}
	EndGlobalSection
EndGlobal
