
Microsoft Visual Studio Solution File, Format Version 12.00
# Visual Studio 15
VisualStudioVersion = 15.0.28010.2046
MinimumVisualStudioVersion = 10.0.40219.1
Project("{FAE04EC0-301F-11D3-BF4B-00C04F79EFBC}") = "Algogyak", "Algogyak\Algogyak.csproj", "{0BD9ED54-F757-4C89-BB1F-6B582CB0F99A}"
EndProject
Project("{FAE04EC0-301F-11D3-BF4B-00C04F79EFBC}") = "Körpont", "Körpont\Körpont.csproj", "{9F38B8BA-D169-4825-90B0-6164BF5A45B3}"
EndProject
Project("{FAE04EC0-301F-11D3-BF4B-00C04F79EFBC}") = "Matrix", "Matrix\Matrix.csproj", "{874D2F50-1673-4C60-BECF-FA6801869CB0}"
EndProject
Global
	GlobalSection(SolutionConfigurationPlatforms) = preSolution
		Debug|Any CPU = Debug|Any CPU
		Release|Any CPU = Release|Any CPU
	EndGlobalSection
	GlobalSection(ProjectConfigurationPlatforms) = postSolution
		{0BD9ED54-F757-4C89-BB1F-6B582CB0F99A}.Debug|Any CPU.ActiveCfg = Debug|Any CPU
		{0BD9ED54-F757-4C89-BB1F-6B582CB0F99A}.Debug|Any CPU.Build.0 = Debug|Any CPU
		{0BD9ED54-F757-4C89-BB1F-6B582CB0F99A}.Release|Any CPU.ActiveCfg = Release|Any CPU
		{0BD9ED54-F757-4C89-BB1F-6B582CB0F99A}.Release|Any CPU.Build.0 = Release|Any CPU
		{9F38B8BA-D169-4825-90B0-6164BF5A45B3}.Debug|Any CPU.ActiveCfg = Debug|Any CPU
		{9F38B8BA-D169-4825-90B0-6164BF5A45B3}.Debug|Any CPU.Build.0 = Debug|Any CPU
		{9F38B8BA-D169-4825-90B0-6164BF5A45B3}.Release|Any CPU.ActiveCfg = Release|Any CPU
		{9F38B8BA-D169-4825-90B0-6164BF5A45B3}.Release|Any CPU.Build.0 = Release|Any CPU
		{874D2F50-1673-4C60-BECF-FA6801869CB0}.Debug|Any CPU.ActiveCfg = Debug|Any CPU
		{874D2F50-1673-4C60-BECF-FA6801869CB0}.Debug|Any CPU.Build.0 = Debug|Any CPU
		{874D2F50-1673-4C60-BECF-FA6801869CB0}.Release|Any CPU.ActiveCfg = Release|Any CPU
		{874D2F50-1673-4C60-BECF-FA6801869CB0}.Release|Any CPU.Build.0 = Release|Any CPU
	EndGlobalSection
	GlobalSection(SolutionProperties) = preSolution
		HideSolutionNode = FALSE
	EndGlobalSection
	GlobalSection(ExtensibilityGlobals) = postSolution
		SolutionGuid = {D6FDB39E-FC52-4B2D-970C-EDF2EDB8EDEA}
	EndGlobalSection
EndGlobal
