
Microsoft Visual Studio Solution File, Format Version 12.00
# Visual Studio 15
VisualStudioVersion = 15.0.28010.2046
MinimumVisualStudioVersion = 10.0.40219.1
Project("{FAE04EC0-301F-11D3-BF4B-00C04F79EFBC}") = "f_feladat", "f_feladat\f_feladat.csproj", "{C36274FD-82A6-42F8-BF1A-521C6AFFC61B}"
EndProject
Project("{FAE04EC0-301F-11D3-BF4B-00C04F79EFBC}") = "g_feladat", "g_feladat\g_feladat.csproj", "{9C307401-DEF5-47C4-86E1-35DB099B455B}"
EndProject
Project("{FAE04EC0-301F-11D3-BF4B-00C04F79EFBC}") = "j_feladat", "j_feladat\j_feladat.csproj", "{1DB95A26-A669-4013-AF24-AD41DE5F9E2C}"
EndProject
Project("{FAE04EC0-301F-11D3-BF4B-00C04F79EFBC}") = "Binaris_kereses", "Tombrendezes\Binaris_kereses.csproj", "{75631A05-0B5C-47A2-BBAB-C350491F5596}"
EndProject
Project("{FAE04EC0-301F-11D3-BF4B-00C04F79EFBC}") = "ConsoleApp1", "ConsoleApp1\ConsoleApp1.csproj", "{A6396A3F-6E1A-4833-85DE-2C474299B101}"
EndProject
Global
	GlobalSection(SolutionConfigurationPlatforms) = preSolution
		Debug|Any CPU = Debug|Any CPU
		Release|Any CPU = Release|Any CPU
	EndGlobalSection
	GlobalSection(ProjectConfigurationPlatforms) = postSolution
		{C36274FD-82A6-42F8-BF1A-521C6AFFC61B}.Debug|Any CPU.ActiveCfg = Debug|Any CPU
		{C36274FD-82A6-42F8-BF1A-521C6AFFC61B}.Debug|Any CPU.Build.0 = Debug|Any CPU
		{C36274FD-82A6-42F8-BF1A-521C6AFFC61B}.Release|Any CPU.ActiveCfg = Release|Any CPU
		{C36274FD-82A6-42F8-BF1A-521C6AFFC61B}.Release|Any CPU.Build.0 = Release|Any CPU
		{9C307401-DEF5-47C4-86E1-35DB099B455B}.Debug|Any CPU.ActiveCfg = Debug|Any CPU
		{9C307401-DEF5-47C4-86E1-35DB099B455B}.Debug|Any CPU.Build.0 = Debug|Any CPU
		{9C307401-DEF5-47C4-86E1-35DB099B455B}.Release|Any CPU.ActiveCfg = Release|Any CPU
		{9C307401-DEF5-47C4-86E1-35DB099B455B}.Release|Any CPU.Build.0 = Release|Any CPU
		{1DB95A26-A669-4013-AF24-AD41DE5F9E2C}.Debug|Any CPU.ActiveCfg = Debug|Any CPU
		{1DB95A26-A669-4013-AF24-AD41DE5F9E2C}.Debug|Any CPU.Build.0 = Debug|Any CPU
		{1DB95A26-A669-4013-AF24-AD41DE5F9E2C}.Release|Any CPU.ActiveCfg = Release|Any CPU
		{1DB95A26-A669-4013-AF24-AD41DE5F9E2C}.Release|Any CPU.Build.0 = Release|Any CPU
		{75631A05-0B5C-47A2-BBAB-C350491F5596}.Debug|Any CPU.ActiveCfg = Debug|Any CPU
		{75631A05-0B5C-47A2-BBAB-C350491F5596}.Debug|Any CPU.Build.0 = Debug|Any CPU
		{75631A05-0B5C-47A2-BBAB-C350491F5596}.Release|Any CPU.ActiveCfg = Release|Any CPU
		{75631A05-0B5C-47A2-BBAB-C350491F5596}.Release|Any CPU.Build.0 = Release|Any CPU
		{A6396A3F-6E1A-4833-85DE-2C474299B101}.Debug|Any CPU.ActiveCfg = Debug|Any CPU
		{A6396A3F-6E1A-4833-85DE-2C474299B101}.Debug|Any CPU.Build.0 = Debug|Any CPU
		{A6396A3F-6E1A-4833-85DE-2C474299B101}.Release|Any CPU.ActiveCfg = Release|Any CPU
		{A6396A3F-6E1A-4833-85DE-2C474299B101}.Release|Any CPU.Build.0 = Release|Any CPU
	EndGlobalSection
	GlobalSection(SolutionProperties) = preSolution
		HideSolutionNode = FALSE
	EndGlobalSection
	GlobalSection(ExtensibilityGlobals) = postSolution
		SolutionGuid = {F46EB4F1-AF20-4BFF-B87D-E33ACD41C350}
	EndGlobalSection
EndGlobal
