
Microsoft Visual Studio Solution File, Format Version 12.00
# Visual Studio Version 16
VisualStudioVersion = 16.0.30104.148
MinimumVisualStudioVersion = 10.0.40219.1
Project("{FAE04EC0-301F-11D3-BF4B-00C04F79EFBC}") = "Ferivelgyak", "Ferivelgyak\Ferivelgyak.csproj", "{FEC19E2F-D5D0-4AFA-A517-2D7F75893850}"
EndProject
Project("{FAE04EC0-301F-11D3-BF4B-00C04F79EFBC}") = "beadando", "beadando\beadando.csproj", "{3E37F6AB-2A99-441E-B42A-B98BA07F1157}"
EndProject
Project("{FAE04EC0-301F-11D3-BF4B-00C04F79EFBC}") = "beadandowinform", "beadandowinform\beadandowinform.csproj", "{1AF7ACC4-A9EA-4DAD-973A-A57BF140ABA2}"
EndProject
Global
	GlobalSection(SolutionConfigurationPlatforms) = preSolution
		Debug|Any CPU = Debug|Any CPU
		Release|Any CPU = Release|Any CPU
	EndGlobalSection
	GlobalSection(ProjectConfigurationPlatforms) = postSolution
		{FEC19E2F-D5D0-4AFA-A517-2D7F75893850}.Debug|Any CPU.ActiveCfg = Debug|Any CPU
		{FEC19E2F-D5D0-4AFA-A517-2D7F75893850}.Debug|Any CPU.Build.0 = Debug|Any CPU
		{FEC19E2F-D5D0-4AFA-A517-2D7F75893850}.Release|Any CPU.ActiveCfg = Release|Any CPU
		{FEC19E2F-D5D0-4AFA-A517-2D7F75893850}.Release|Any CPU.Build.0 = Release|Any CPU
		{3E37F6AB-2A99-441E-B42A-B98BA07F1157}.Debug|Any CPU.ActiveCfg = Debug|Any CPU
		{3E37F6AB-2A99-441E-B42A-B98BA07F1157}.Debug|Any CPU.Build.0 = Debug|Any CPU
		{3E37F6AB-2A99-441E-B42A-B98BA07F1157}.Release|Any CPU.ActiveCfg = Release|Any CPU
		{3E37F6AB-2A99-441E-B42A-B98BA07F1157}.Release|Any CPU.Build.0 = Release|Any CPU
		{1AF7ACC4-A9EA-4DAD-973A-A57BF140ABA2}.Debug|Any CPU.ActiveCfg = Debug|Any CPU
		{1AF7ACC4-A9EA-4DAD-973A-A57BF140ABA2}.Debug|Any CPU.Build.0 = Debug|Any CPU
		{1AF7ACC4-A9EA-4DAD-973A-A57BF140ABA2}.Release|Any CPU.ActiveCfg = Release|Any CPU
		{1AF7ACC4-A9EA-4DAD-973A-A57BF140ABA2}.Release|Any CPU.Build.0 = Release|Any CPU
	EndGlobalSection
	GlobalSection(SolutionProperties) = preSolution
		HideSolutionNode = FALSE
	EndGlobalSection
	GlobalSection(ExtensibilityGlobals) = postSolution
		SolutionGuid = {870F3F66-569C-409D-8583-D839F25F5D8A}
	EndGlobalSection
EndGlobal
