
Microsoft Visual Studio Solution File, Format Version 12.00
# Visual Studio 15
VisualStudioVersion = 15.0.28010.2026
MinimumVisualStudioVersion = 10.0.40219.1
Project("{FAE04EC0-301F-11D3-BF4B-00C04F79EFBC}") = "Szamok", "Szamok\Szamok.csproj", "{54EDBE7A-9ABC-41AC-B358-A0D765A85B84}"
EndProject
Global
	GlobalSection(SolutionConfigurationPlatforms) = preSolution
		Debug|Any CPU = Debug|Any CPU
		Release|Any CPU = Release|Any CPU
	EndGlobalSection
	GlobalSection(ProjectConfigurationPlatforms) = postSolution
		{54EDBE7A-9ABC-41AC-B358-A0D765A85B84}.Debug|Any CPU.ActiveCfg = Debug|Any CPU
		{54EDBE7A-9ABC-41AC-B358-A0D765A85B84}.Debug|Any CPU.Build.0 = Debug|Any CPU
		{54EDBE7A-9ABC-41AC-B358-A0D765A85B84}.Release|Any CPU.ActiveCfg = Release|Any CPU
		{54EDBE7A-9ABC-41AC-B358-A0D765A85B84}.Release|Any CPU.Build.0 = Release|Any CPU
	EndGlobalSection
	GlobalSection(SolutionProperties) = preSolution
		HideSolutionNode = FALSE
	EndGlobalSection
	GlobalSection(ExtensibilityGlobals) = postSolution
		SolutionGuid = {3DAE663D-3215-4E12-8582-09B99B8E6B9A}
	EndGlobalSection
EndGlobal
