
Microsoft Visual Studio Solution File, Format Version 12.00
# Visual Studio 15
VisualStudioVersion = 15.0.28307.902
MinimumVisualStudioVersion = 10.0.40219.1
Project("{FAE04EC0-301F-11D3-BF4B-00C04F79EFBC}") = "Algogyak", "Algogyak\Algogyak.csproj", "{78CD4419-C0E0-455D-8AC7-6C6900C1965B}"
EndProject
Project("{FAE04EC0-301F-11D3-BF4B-00C04F79EFBC}") = "Rekurzio_1", "Rekurzio_1\Rekurzio_1.csproj", "{4C981018-DAA3-468B-94E4-C77148F92F04}"
EndProject
Project("{FAE04EC0-301F-11D3-BF4B-00C04F79EFBC}") = "Hatvany", "Hatvany\Hatvany.csproj", "{B1A7BCDA-4FAE-49BE-B1B3-4419B3220CA5}"
EndProject
Project("{FAE04EC0-301F-11D3-BF4B-00C04F79EFBC}") = "Rekurzio3", "Rekurzio3\Rekurzio3.csproj", "{744AB28F-0E78-4ED4-BC1F-D105C6D4EA3C}"
EndProject
Project("{FAE04EC0-301F-11D3-BF4B-00C04F79EFBC}") = "Algo_B_1", "Algo_B_1\Algo_B_1.csproj", "{4CD1D93B-D94D-40C6-BA66-3DA9B42FDEE2}"
EndProject
Project("{FAE04EC0-301F-11D3-BF4B-00C04F79EFBC}") = "Algo_B_2", "Algo_B_2\Algo_B_2.csproj", "{49590D25-9260-4A52-8511-E60C355463DC}"
EndProject
Project("{FAE04EC0-301F-11D3-BF4B-00C04F79EFBC}") = "Rekurzio_feladat2", "Rekurzio_feladat2\Rekurzio_feladat2.csproj", "{5E001C8A-F0CC-4A78-B818-F18103B5C104}"
EndProject
Project("{FAE04EC0-301F-11D3-BF4B-00C04F79EFBC}") = "Rekurzio_feladat3", "Rekurzio_feladat3\Rekurzio_feladat3.csproj", "{A353DBF7-20AB-475E-8456-A462460040D5}"
EndProject
Project("{FAE04EC0-301F-11D3-BF4B-00C04F79EFBC}") = "Rekurzio_feladat4", "Rekurzio_feladat4\Rekurzio_feladat4.csproj", "{6FE26225-E85B-4D0F-A0AB-B4C59BE2CC44}"
EndProject
Project("{FAE04EC0-301F-11D3-BF4B-00C04F79EFBC}") = "Rekurzio_feladat5", "Rekurzio_feladat5\Rekurzio_feladat5.csproj", "{C849B023-355C-4785-BF48-85C69032DCC2}"
EndProject
Project("{FAE04EC0-301F-11D3-BF4B-00C04F79EFBC}") = "Rekurbubi", "Rekurbubi\Rekurbubi.csproj", "{6677C16A-D509-46FD-8A99-19C8AEFC5B0D}"
EndProject
Global
	GlobalSection(SolutionConfigurationPlatforms) = preSolution
		Debug|Any CPU = Debug|Any CPU
		Release|Any CPU = Release|Any CPU
	EndGlobalSection
	GlobalSection(ProjectConfigurationPlatforms) = postSolution
		{78CD4419-C0E0-455D-8AC7-6C6900C1965B}.Debug|Any CPU.ActiveCfg = Debug|Any CPU
		{78CD4419-C0E0-455D-8AC7-6C6900C1965B}.Debug|Any CPU.Build.0 = Debug|Any CPU
		{78CD4419-C0E0-455D-8AC7-6C6900C1965B}.Release|Any CPU.ActiveCfg = Release|Any CPU
		{78CD4419-C0E0-455D-8AC7-6C6900C1965B}.Release|Any CPU.Build.0 = Release|Any CPU
		{4C981018-DAA3-468B-94E4-C77148F92F04}.Debug|Any CPU.ActiveCfg = Debug|Any CPU
		{4C981018-DAA3-468B-94E4-C77148F92F04}.Debug|Any CPU.Build.0 = Debug|Any CPU
		{4C981018-DAA3-468B-94E4-C77148F92F04}.Release|Any CPU.ActiveCfg = Release|Any CPU
		{4C981018-DAA3-468B-94E4-C77148F92F04}.Release|Any CPU.Build.0 = Release|Any CPU
		{B1A7BCDA-4FAE-49BE-B1B3-4419B3220CA5}.Debug|Any CPU.ActiveCfg = Debug|Any CPU
		{B1A7BCDA-4FAE-49BE-B1B3-4419B3220CA5}.Debug|Any CPU.Build.0 = Debug|Any CPU
		{B1A7BCDA-4FAE-49BE-B1B3-4419B3220CA5}.Release|Any CPU.ActiveCfg = Release|Any CPU
		{B1A7BCDA-4FAE-49BE-B1B3-4419B3220CA5}.Release|Any CPU.Build.0 = Release|Any CPU
		{744AB28F-0E78-4ED4-BC1F-D105C6D4EA3C}.Debug|Any CPU.ActiveCfg = Debug|Any CPU
		{744AB28F-0E78-4ED4-BC1F-D105C6D4EA3C}.Debug|Any CPU.Build.0 = Debug|Any CPU
		{744AB28F-0E78-4ED4-BC1F-D105C6D4EA3C}.Release|Any CPU.ActiveCfg = Release|Any CPU
		{744AB28F-0E78-4ED4-BC1F-D105C6D4EA3C}.Release|Any CPU.Build.0 = Release|Any CPU
		{4CD1D93B-D94D-40C6-BA66-3DA9B42FDEE2}.Debug|Any CPU.ActiveCfg = Debug|Any CPU
		{4CD1D93B-D94D-40C6-BA66-3DA9B42FDEE2}.Debug|Any CPU.Build.0 = Debug|Any CPU
		{4CD1D93B-D94D-40C6-BA66-3DA9B42FDEE2}.Release|Any CPU.ActiveCfg = Release|Any CPU
		{4CD1D93B-D94D-40C6-BA66-3DA9B42FDEE2}.Release|Any CPU.Build.0 = Release|Any CPU
		{49590D25-9260-4A52-8511-E60C355463DC}.Debug|Any CPU.ActiveCfg = Debug|Any CPU
		{49590D25-9260-4A52-8511-E60C355463DC}.Debug|Any CPU.Build.0 = Debug|Any CPU
		{49590D25-9260-4A52-8511-E60C355463DC}.Release|Any CPU.ActiveCfg = Release|Any CPU
		{49590D25-9260-4A52-8511-E60C355463DC}.Release|Any CPU.Build.0 = Release|Any CPU
		{5E001C8A-F0CC-4A78-B818-F18103B5C104}.Debug|Any CPU.ActiveCfg = Debug|Any CPU
		{5E001C8A-F0CC-4A78-B818-F18103B5C104}.Debug|Any CPU.Build.0 = Debug|Any CPU
		{5E001C8A-F0CC-4A78-B818-F18103B5C104}.Release|Any CPU.ActiveCfg = Release|Any CPU
		{5E001C8A-F0CC-4A78-B818-F18103B5C104}.Release|Any CPU.Build.0 = Release|Any CPU
		{A353DBF7-20AB-475E-8456-A462460040D5}.Debug|Any CPU.ActiveCfg = Debug|Any CPU
		{A353DBF7-20AB-475E-8456-A462460040D5}.Debug|Any CPU.Build.0 = Debug|Any CPU
		{A353DBF7-20AB-475E-8456-A462460040D5}.Release|Any CPU.ActiveCfg = Release|Any CPU
		{A353DBF7-20AB-475E-8456-A462460040D5}.Release|Any CPU.Build.0 = Release|Any CPU
		{6FE26225-E85B-4D0F-A0AB-B4C59BE2CC44}.Debug|Any CPU.ActiveCfg = Debug|Any CPU
		{6FE26225-E85B-4D0F-A0AB-B4C59BE2CC44}.Debug|Any CPU.Build.0 = Debug|Any CPU
		{6FE26225-E85B-4D0F-A0AB-B4C59BE2CC44}.Release|Any CPU.ActiveCfg = Release|Any CPU
		{6FE26225-E85B-4D0F-A0AB-B4C59BE2CC44}.Release|Any CPU.Build.0 = Release|Any CPU
		{C849B023-355C-4785-BF48-85C69032DCC2}.Debug|Any CPU.ActiveCfg = Debug|Any CPU
		{C849B023-355C-4785-BF48-85C69032DCC2}.Debug|Any CPU.Build.0 = Debug|Any CPU
		{C849B023-355C-4785-BF48-85C69032DCC2}.Release|Any CPU.ActiveCfg = Release|Any CPU
		{C849B023-355C-4785-BF48-85C69032DCC2}.Release|Any CPU.Build.0 = Release|Any CPU
		{6677C16A-D509-46FD-8A99-19C8AEFC5B0D}.Debug|Any CPU.ActiveCfg = Debug|Any CPU
		{6677C16A-D509-46FD-8A99-19C8AEFC5B0D}.Debug|Any CPU.Build.0 = Debug|Any CPU
		{6677C16A-D509-46FD-8A99-19C8AEFC5B0D}.Release|Any CPU.ActiveCfg = Release|Any CPU
		{6677C16A-D509-46FD-8A99-19C8AEFC5B0D}.Release|Any CPU.Build.0 = Release|Any CPU
	EndGlobalSection
	GlobalSection(SolutionProperties) = preSolution
		HideSolutionNode = FALSE
	EndGlobalSection
	GlobalSection(ExtensibilityGlobals) = postSolution
		SolutionGuid = {33AC49B0-063C-42A3-AE68-C01F63CC86CA}
	EndGlobalSection
EndGlobal
