
Microsoft Visual Studio Solution File, Format Version 12.00
# Visual Studio 15
VisualStudioVersion = 15.0.28010.2026
MinimumVisualStudioVersion = 10.0.40219.1
Project("{FAE04EC0-301F-11D3-BF4B-00C04F79EFBC}") = "Gyakorlo", "Gyakorlo\Gyakorlo.csproj", "{DEC34B09-5C96-440F-8FB5-C086B7F3B108}"
EndProject
Global
	GlobalSection(SolutionConfigurationPlatforms) = preSolution
		Debug|Any CPU = Debug|Any CPU
		Release|Any CPU = Release|Any CPU
	EndGlobalSection
	GlobalSection(ProjectConfigurationPlatforms) = postSolution
		{DEC34B09-5C96-440F-8FB5-C086B7F3B108}.Debug|Any CPU.ActiveCfg = Debug|Any CPU
		{DEC34B09-5C96-440F-8FB5-C086B7F3B108}.Debug|Any CPU.Build.0 = Debug|Any CPU
		{DEC34B09-5C96-440F-8FB5-C086B7F3B108}.Release|Any CPU.ActiveCfg = Release|Any CPU
		{DEC34B09-5C96-440F-8FB5-C086B7F3B108}.Release|Any CPU.Build.0 = Release|Any CPU
	EndGlobalSection
	GlobalSection(SolutionProperties) = preSolution
		HideSolutionNode = FALSE
	EndGlobalSection
	GlobalSection(ExtensibilityGlobals) = postSolution
		SolutionGuid = {28EC89CF-C0DA-4D21-8290-9E0AC03EDC07}
	EndGlobalSection
EndGlobal
