
Microsoft Visual Studio Solution File, Format Version 12.00
# Visual Studio 15
VisualStudioVersion = 15.0.28010.2046
MinimumVisualStudioVersion = 10.0.40219.1
Project("{FAE04EC0-301F-11D3-BF4B-00C04F79EFBC}") = "Kereses", "Kereses\Kereses.csproj", "{0194924E-D036-4B47-BCA7-E15DCC475145}"
EndProject
Project("{FAE04EC0-301F-11D3-BF4B-00C04F79EFBC}") = "Rendezes", "Rendezes\Rendezes.csproj", "{D6516E3E-A6AE-4B0B-823A-20A54125C6CB}"
EndProject
Global
	GlobalSection(SolutionConfigurationPlatforms) = preSolution
		Debug|Any CPU = Debug|Any CPU
		Release|Any CPU = Release|Any CPU
	EndGlobalSection
	GlobalSection(ProjectConfigurationPlatforms) = postSolution
		{0194924E-D036-4B47-BCA7-E15DCC475145}.Debug|Any CPU.ActiveCfg = Debug|Any CPU
		{0194924E-D036-4B47-BCA7-E15DCC475145}.Debug|Any CPU.Build.0 = Debug|Any CPU
		{0194924E-D036-4B47-BCA7-E15DCC475145}.Release|Any CPU.ActiveCfg = Release|Any CPU
		{0194924E-D036-4B47-BCA7-E15DCC475145}.Release|Any CPU.Build.0 = Release|Any CPU
		{D6516E3E-A6AE-4B0B-823A-20A54125C6CB}.Debug|Any CPU.ActiveCfg = Debug|Any CPU
		{D6516E3E-A6AE-4B0B-823A-20A54125C6CB}.Debug|Any CPU.Build.0 = Debug|Any CPU
		{D6516E3E-A6AE-4B0B-823A-20A54125C6CB}.Release|Any CPU.ActiveCfg = Release|Any CPU
		{D6516E3E-A6AE-4B0B-823A-20A54125C6CB}.Release|Any CPU.Build.0 = Release|Any CPU
	EndGlobalSection
	GlobalSection(SolutionProperties) = preSolution
		HideSolutionNode = FALSE
	EndGlobalSection
	GlobalSection(ExtensibilityGlobals) = postSolution
		SolutionGuid = {06AEC13C-55F6-495C-AD89-A863C8D65ABA}
	EndGlobalSection
EndGlobal
